
Microsoft Visual Studio Solution File, Format Version 12.00
# Visual Studio Version 18
VisualStudioVersion = 18.3.11520.95 d18.3
MinimumVisualStudioVersion = 10.0.40219.1
Project("{9A19103F-16F7-4668-BE54-9A1E7A4F7556}") = "Joufflu.Shared", "Joufflu.Shared\Joufflu.Shared.csproj", "{04B12512-5AD4-44CB-A42F-076619A17B60}"
EndProject
Project("{9A19103F-16F7-4668-BE54-9A1E7A4F7556}") = "Joufflu.Inputs", "Joufflu.Inputs\Joufflu.Inputs.csproj", "{998F1558-7217-41EC-A8D2-A96C5338DBA4}"
EndProject
Project("{2150E333-8FDC-42A3-9474-1A3956D46DE8}") = "Controls", "Controls", "{DB72DC5E-D46F-42BB-A6CB-F75A8F74F7AB}"
EndProject
Project("{9A19103F-16F7-4668-BE54-9A1E7A4F7556}") = "Joufflu.Samples", "Joufflu.Samples\Joufflu.Samples.csproj", "{0BA7D7F4-8D2B-4A4A-94A2-939C153961B0}"
EndProject
Project("{9A19103F-16F7-4668-BE54-9A1E7A4F7556}") = "Joufflu.Data", "Joufflu.Data\Joufflu.Data.csproj", "{4FBCA29E-FF1D-4F53-9FE4-B1A05C9922DD}"
EndProject
Project("{9A19103F-16F7-4668-BE54-9A1E7A4F7556}") = "Joufflu.Popups", "Joufflu.Popups\Joufflu.Popups.csproj", "{E2F97A17-0E49-49B5-8D42-6243949DD270}"
EndProject
Project("{FAE04EC0-301F-11D3-BF4B-00C04F79EFBC}") = "Joufflu.Layouts", "Joufflu.Layouts\Joufflu.Layouts.csproj", "{0EC3BE51-D5A9-49A8-AAA3-E082FA1F7001}"
EndProject
Project("{FAE04EC0-301F-11D3-BF4B-00C04F79EFBC}") = "Joufflu.Data.Shared", "Joufflu.Data.Shared\Joufflu.Data.Shared.csproj", "{706BC55E-97AB-4687-A752-1528CD1151B5}"
EndProject
Project("{FAE04EC0-301F-11D3-BF4B-00C04F79EFBC}") = "Usuel.History", "Usuel.History\Usuel.History.csproj", "{8966E73B-DB99-4F1C-8E69-3C5BA0C0D72C}"
EndProject
Project("{FAE04EC0-301F-11D3-BF4B-00C04F79EFBC}") = "Bariole", "Bariole\Bariole.csproj", "{1B14F776-8830-439C-8833-F61FF3032253}"
EndProject
Project("{2150E333-8FDC-42A3-9474-1A3956D46DE8}") = "Experimental", "Experimental", "{53808F22-1369-4585-A9E9-F109CC9DD37D}"
EndProject
Project("{FAE04EC0-301F-11D3-BF4B-00C04F79EFBC}") = "Usuel", "Usuel\Usuel.csproj", "{6386CDD8-688E-4B35-8837-6983A7F86BD9}"
EndProject
Global
	GlobalSection(SolutionConfigurationPlatforms) = preSolution
		Debug|Any CPU = Debug|Any CPU
		Release|Any CPU = Release|Any CPU
	EndGlobalSection
	GlobalSection(ProjectConfigurationPlatforms) = postSolution
		{04B12512-5AD4-44CB-A42F-076619A17B60}.Debug|Any CPU.ActiveCfg = Debug|Any CPU
		{04B12512-5AD4-44CB-A42F-076619A17B60}.Debug|Any CPU.Build.0 = Debug|Any CPU
		{04B12512-5AD4-44CB-A42F-076619A17B60}.Release|Any CPU.ActiveCfg = Release|Any CPU
		{04B12512-5AD4-44CB-A42F-076619A17B60}.Release|Any CPU.Build.0 = Release|Any CPU
		{998F1558-7217-41EC-A8D2-A96C5338DBA4}.Debug|Any CPU.ActiveCfg = Debug|Any CPU
		{998F1558-7217-41EC-A8D2-A96C5338DBA4}.Debug|Any CPU.Build.0 = Debug|Any CPU
		{998F1558-7217-41EC-A8D2-A96C5338DBA4}.Release|Any CPU.ActiveCfg = Release|Any CPU
		{998F1558-7217-41EC-A8D2-A96C5338DBA4}.Release|Any CPU.Build.0 = Release|Any CPU
		{0BA7D7F4-8D2B-4A4A-94A2-939C153961B0}.Debug|Any CPU.ActiveCfg = Debug|Any CPU
		{0BA7D7F4-8D2B-4A4A-94A2-939C153961B0}.Debug|Any CPU.Build.0 = Debug|Any CPU
		{0BA7D7F4-8D2B-4A4A-94A2-939C153961B0}.Release|Any CPU.ActiveCfg = Release|Any CPU
		{0BA7D7F4-8D2B-4A4A-94A2-939C153961B0}.Release|Any CPU.Build.0 = Release|Any CPU
		{4FBCA29E-FF1D-4F53-9FE4-B1A05C9922DD}.Debug|Any CPU.ActiveCfg = Debug|Any CPU
		{4FBCA29E-FF1D-4F53-9FE4-B1A05C9922DD}.Debug|Any CPU.Build.0 = Debug|Any CPU
		{4FBCA29E-FF1D-4F53-9FE4-B1A05C9922DD}.Release|Any CPU.ActiveCfg = Release|Any CPU
		{4FBCA29E-FF1D-4F53-9FE4-B1A05C9922DD}.Release|Any CPU.Build.0 = Release|Any CPU
		{E2F97A17-0E49-49B5-8D42-6243949DD270}.Debug|Any CPU.ActiveCfg = Debug|Any CPU
		{E2F97A17-0E49-49B5-8D42-6243949DD270}.Debug|Any CPU.Build.0 = Debug|Any CPU
		{E2F97A17-0E49-49B5-8D42-6243949DD270}.Release|Any CPU.ActiveCfg = Release|Any CPU
		{E2F97A17-0E49-49B5-8D42-6243949DD270}.Release|Any CPU.Build.0 = Release|Any CPU
		{0EC3BE51-D5A9-49A8-AAA3-E082FA1F7001}.Debug|Any CPU.ActiveCfg = Debug|Any CPU
		{0EC3BE51-D5A9-49A8-AAA3-E082FA1F7001}.Debug|Any CPU.Build.0 = Debug|Any CPU
		{0EC3BE51-D5A9-49A8-AAA3-E082FA1F7001}.Release|Any CPU.ActiveCfg = Release|Any CPU
		{0EC3BE51-D5A9-49A8-AAA3-E082FA1F7001}.Release|Any CPU.Build.0 = Release|Any CPU
		{706BC55E-97AB-4687-A752-1528CD1151B5}.Debug|Any CPU.ActiveCfg = Debug|Any CPU
		{706BC55E-97AB-4687-A752-1528CD1151B5}.Debug|Any CPU.Build.0 = Debug|Any CPU
		{706BC55E-97AB-4687-A752-1528CD1151B5}.Release|Any CPU.ActiveCfg = Release|Any CPU
		{706BC55E-97AB-4687-A752-1528CD1151B5}.Release|Any CPU.Build.0 = Release|Any CPU
		{8966E73B-DB99-4F1C-8E69-3C5BA0C0D72C}.Debug|Any CPU.ActiveCfg = Debug|Any CPU
		{8966E73B-DB99-4F1C-8E69-3C5BA0C0D72C}.Debug|Any CPU.Build.0 = Debug|Any CPU
		{8966E73B-DB99-4F1C-8E69-3C5BA0C0D72C}.Release|Any CPU.ActiveCfg = Release|Any CPU
		{8966E73B-DB99-4F1C-8E69-3C5BA0C0D72C}.Release|Any CPU.Build.0 = Release|Any CPU
		{1B14F776-8830-439C-8833-F61FF3032253}.Debug|Any CPU.ActiveCfg = Debug|Any CPU
		{1B14F776-8830-439C-8833-F61FF3032253}.Debug|Any CPU.Build.0 = Debug|Any CPU
		{1B14F776-8830-439C-8833-F61FF3032253}.Release|Any CPU.ActiveCfg = Release|Any CPU
		{1B14F776-8830-439C-8833-F61FF3032253}.Release|Any CPU.Build.0 = Release|Any CPU
		{6386CDD8-688E-4B35-8837-6983A7F86BD9}.Debug|Any CPU.ActiveCfg = Debug|Any CPU
		{6386CDD8-688E-4B35-8837-6983A7F86BD9}.Debug|Any CPU.Build.0 = Debug|Any CPU
		{6386CDD8-688E-4B35-8837-6983A7F86BD9}.Release|Any CPU.ActiveCfg = Release|Any CPU
		{6386CDD8-688E-4B35-8837-6983A7F86BD9}.Release|Any CPU.Build.0 = Release|Any CPU
	EndGlobalSection
	GlobalSection(SolutionProperties) = preSolution
		HideSolutionNode = FALSE
	EndGlobalSection
	GlobalSection(NestedProjects) = preSolution
		{04B12512-5AD4-44CB-A42F-076619A17B60} = {DB72DC5E-D46F-42BB-A6CB-F75A8F74F7AB}
		{998F1558-7217-41EC-A8D2-A96C5338DBA4} = {DB72DC5E-D46F-42BB-A6CB-F75A8F74F7AB}
		{4FBCA29E-FF1D-4F53-9FE4-B1A05C9922DD} = {DB72DC5E-D46F-42BB-A6CB-F75A8F74F7AB}
		{E2F97A17-0E49-49B5-8D42-6243949DD270} = {DB72DC5E-D46F-42BB-A6CB-F75A8F74F7AB}
		{0EC3BE51-D5A9-49A8-AAA3-E082FA1F7001} = {DB72DC5E-D46F-42BB-A6CB-F75A8F74F7AB}
		{706BC55E-97AB-4687-A752-1528CD1151B5} = {DB72DC5E-D46F-42BB-A6CB-F75A8F74F7AB}
		{8966E73B-DB99-4F1C-8E69-3C5BA0C0D72C} = {53808F22-1369-4585-A9E9-F109CC9DD37D}
		{1B14F776-8830-439C-8833-F61FF3032253} = {53808F22-1369-4585-A9E9-F109CC9DD37D}
	EndGlobalSection
	GlobalSection(ExtensibilityGlobals) = postSolution
		SolutionGuid = {A0C9F7DF-8AFE-4B1A-BC6C-D18AA5E6D2DC}
	EndGlobalSection
EndGlobal
